
Microsoft Visual Studio Solution File, Format Version 12.00
# Visual Studio 15
VisualStudioVersion = 15.0.28307.1169
MinimumVisualStudioVersion = 10.0.40219.1
Project("{8BC9CEB8-8B4A-11D0-8D11-00A0C91BC942}") = "AppTr", "AppTr\AppTr.vcxproj", "{D5584EFC-2BA9-4B39-9D39-190412D1A407}"
EndProject
Global
	GlobalSection(SolutionConfigurationPlatforms) = preSolution
		Debug|x64 = Debug|x64
		Debug|x86 = Debug|x86
		Release|x64 = Release|x64
		Release|x86 = Release|x86
	EndGlobalSection
	GlobalSection(ProjectConfigurationPlatforms) = postSolution
		{D5584EFC-2BA9-4B39-9D39-190412D1A407}.Debug|x64.ActiveCfg = Debug|x64
		{D5584EFC-2BA9-4B39-9D39-190412D1A407}.Debug|x64.Build.0 = Debug|x64
		{D5584EFC-2BA9-4B39-9D39-190412D1A407}.Debug|x86.ActiveCfg = Debug|Win32
		{D5584EFC-2BA9-4B39-9D39-190412D1A407}.Debug|x86.Build.0 = Debug|Win32
		{D5584EFC-2BA9-4B39-9D39-190412D1A407}.Release|x64.ActiveCfg = Release|x64
		{D5584EFC-2BA9-4B39-9D39-190412D1A407}.Release|x64.Build.0 = Release|x64
		{D5584EFC-2BA9-4B39-9D39-190412D1A407}.Release|x86.ActiveCfg = Release|Win32
		{D5584EFC-2BA9-4B39-9D39-190412D1A407}.Release|x86.Build.0 = Release|Win32
	EndGlobalSection
	GlobalSection(SolutionProperties) = preSolution
		HideSolutionNode = FALSE
	EndGlobalSection
	GlobalSection(ExtensibilityGlobals) = postSolution
		SolutionGuid = {A6E42078-710E-486E-AAE4-0BC437FC6A50}
	EndGlobalSection
EndGlobal
